
Microsoft Visual Studio Solution File, Format Version 12.00
# Visual Studio Version 17
VisualStudioVersion = 17.3.32825.248
MinimumVisualStudioVersion = 10.0.40219.1
Project("{FAE04EC0-301F-11D3-BF4B-00C04F79EFBC}") = "ui-task-8-p-20-1-Pavlov", "ui-task-8-p-20-1-Pavlov.csproj", "{F131C186-B462-4F1C-AED9-657941B31C6B}"
EndProject
Global
	GlobalSection(SolutionConfigurationPlatforms) = preSolution
		Debug|Any CPU = Debug|Any CPU
		Release|Any CPU = Release|Any CPU
	EndGlobalSection
	GlobalSection(ProjectConfigurationPlatforms) = postSolution
		{F131C186-B462-4F1C-AED9-657941B31C6B}.Debug|Any CPU.ActiveCfg = Debug|Any CPU
		{F131C186-B462-4F1C-AED9-657941B31C6B}.Debug|Any CPU.Build.0 = Debug|Any CPU
		{F131C186-B462-4F1C-AED9-657941B31C6B}.Release|Any CPU.ActiveCfg = Release|Any CPU
		{F131C186-B462-4F1C-AED9-657941B31C6B}.Release|Any CPU.Build.0 = Release|Any CPU
	EndGlobalSection
	GlobalSection(SolutionProperties) = preSolution
		HideSolutionNode = FALSE
	EndGlobalSection
	GlobalSection(ExtensibilityGlobals) = postSolution
		SolutionGuid = {CE28CB8D-9748-436C-A507-1E784402C7F6}
	EndGlobalSection
EndGlobal
